github.com/aws/aws-sdk-go-v2 v1.38.3 h1:B6cV4oxnMs45fql4yRH+/Po/YU+597zgWqvDpYMturk=
github.com/aws/aws-sdk-go-v2 v1.38.3/go.mod h1:sDioUELIUO9Znk23YVmIk86/9DOpkbyyVb1i/gUNFXY=
github.com/aws/aws-sdk-go-v2/aws/protocol/eventstream v1.7.1 h1:i8p8P4diljCr60PpJp6qZXNlgX4m2yQFpYk+9ZT+J4E=
github.com/aws/aws-sdk-go-v2/aws/protocol/eventstream v1.7.1/go.mod h1:ddqbooRZYNoJ2dsTwOty16rM+/Aqmk/GOXrK8cg7V00=
github.com/aws/aws-sdk-go-v2/config v1.31.6 h1:a1t8fXY4GT4xjyJExz4knbuoxSCacB5hT/WgtfPyLjo=
github.com/aws/aws-sdk-go-v2/config v1.31.6/go.mod h1:5ByscNi7R+ztvOGzeUaIu49vkMk2soq5NaH5PYe33MQ=
github.com/aws/aws-sdk-go-v2/credentials v1.18.10 h1:xdJnXCouCx8Y0NncgoptztUocIYLKeQxrCgN6x9sdhg=
github.com/aws/aws-sdk-go-v2/credentials v1.18.10/go.mod h1:7tQk08ntj914F/5i9jC4+2HQTAuJirq7m1vZVIhEkWs=
github.com/aws/aws-sdk-go-v2/feature/ec2/imds v1.18.6 h1:wbjnrrMnKew78/juW7I2BtKQwa1qlf6EjQgS69uYY14=
github.com/aws/aws-sdk-go-v2/feature/ec2/imds v1.18.6/go.mod h1:AtiqqNrDioJXuUgz3+3T0mBWN7Hro2n9wll2zRUc0ww=
github.com/aws/aws-sdk-go-v2/internal/configsources v1.4.6 h1:uF68eJA6+S9iVr9WgX1NaRGyQ/6MdIyc4JNUo6TN1FA=
github.com/aws/aws-sdk-go-v2/internal/configsources v1.4.6/go.mod h1:qlPeVZCGPiobx8wb1ft0GHT5l+dc6ldnwInDFaMvC7Y=
github.com/aws/aws-sdk-go-v2/internal/endpoints/v2 v2.7.6 h1:pa1DEC6JoI0zduhZePp3zmhWvk/xxm4NB8Hy/Tlsgos=
github.com/aws/aws-sdk-go-v2/internal/endpoints/v2 v2.7.6/go.mod h1:gxEjPebnhWGJoaDdtDkA0JX46VRg1wcTHYe63OfX5pE=
github.com/aws/aws-sdk-go-v2/internal/ini v1.8.3 h1:bIqFDwgGXXN1Kpp99pDOdKMTTb5d2KyU5X/BZxjOkRo=
github.com/aws/aws-sdk-go-v2/internal/ini v1.8.3/go.mod h1:H5O/EsxDWyU+LP/V8i5sm8cxoZgc2fdNR9bxlOFrQTo=
github.com/aws/aws-sdk-go-v2/service/bedrockruntime v1.39.0 h1:uNCrxhKmjjuKz4R1+YEvGsvl1oAumk6yEaQpdDsRyb0=
github.com/aws/aws-sdk-go-v2/service/bedrockruntime v1.39.0/go.mod h1:GdGoVxFVl19sviL7tFTBFEs6cqckpK1I2ms9MB0oOXs=
github.com/aws/aws-sdk-go-v2/service/internal/accept-encoding v1.13.1 h1:oegbebPEMA/1Jny7kvwejowCaHz1FWZAQ94WXFNCyTM=
github.com/aws/aws-sdk-go-v2/service/internal/accept-encoding v1.13.1/go.mod h1:kemo5Myr9ac0U9JfSjMo9yHLtw+pECEHsFtJ9tqCEI8=
github.com/aws/aws-sdk-go-v2/service/internal/presigned-url v1.13.6 h1:LHS1YAIJXJ4K9zS+1d/xa9JAA9sL2QyXIQCQFQW/X08=
github.com/aws/aws-sdk-go-v2/service/internal/presigned-url v1.13.6/go.mod h1:c9PCiTEuh0wQID5/KqA32J+HAgZxN9tOGXKCiYJjTZI=
github.com/aws/aws-sdk-go-v2/service/sso v1.29.1 h1:8OLZnVJPvjnrxEwHFg9hVUof/P4sibH+Ea4KKuqAGSg=
github.com/aws/aws-sdk-go-v2/service/sso v1.29.1/go.mod h1:27M3BpVi0C02UiQh1w9nsBEit6pLhlaH3NHna6WUbDE=
github.com/aws/aws-sdk-go-v2/service/ssooidc v1.34.2 h1:gKWSTnqudpo8dAxqBqZnDoDWCiEh/40FziUjr/mo6uA=
github.com/aws/aws-sdk-go-v2/service/ssooidc v1.34.2/go.mod h1:x7+rkNmRoEN1U13A6JE2fXne9EWyJy54o3n6d4mGaXQ=
github.com/aws/aws-sdk-go-v2/service/sts v1.38.2 h1:YZPjhyaGzhDQEvsffDEcpycq49nl7fiGcfJTIo8BszI=
github.com/aws/aws-sdk-go-v2/service/sts v1.38.2/go.mod h1:2dIN8qhQfv37BdUYGgEC8Q3tteM3zFxTI1MLO2O3J3c=
github.com/aws/smithy-go v1.23.0 h1:8n6I3gXzWJB2DxBDnfxgBaSX6oe0d/t10qGz7OKqMCE=
github.com/aws/smithy-go v1.23.0/go.mod h1:t1ufH5HMublsJYulve2RKmHDC15xu1f26kHCp/HgceI=
github.com/bahlo/generic-list-go v0.2.0 h1:5sz/EEAK+ls5wF+NeqDpk5+iNdMDXrh3z3nPnH1Wvgk=
github.com/bahlo/generic-list-go v0.2.0/go.mod h1:2KvAjgMlE5NNynlg/5iLrrCCZ2+5xWbdbCW3pNTGyYg=
github.com/buger/jsonparser v1.1.1 h1:2PnMjfWD7wBILjqQbt530v576A/cAbQvEW9gGIpYMUs=
github.com/buger/jsonparser v1.1.1/go.mod h1:6RYKKt7H4d4+iWqouImQ9R2FZql3VbhNgx27UK13J/0=
github.com/caarlos0/env/v11 v11.3.1 h1:cArPWC15hWmEt+gWk7YBi7lEXTXCvpaSdCiZE2X5mCA=
github.com/caarlos0/env/v11 v11.3.1/go.mod h1:qupehSf/Y0TUTsxKywqRt/vJjN5nz6vauiYEUUr8P4U=
github.com/cpuguy83/go-md2man/v2 v2.0.6/go.mod h1:oOW0eioCTA6cOiMLiUPZOpcVxMig6NIQQ7OS05n1F4g=
github.com/dave/dst v0.27.3 h1:P1HPoMza3cMEquVf9kKy8yXsFirry4zEnWOdYPOoIzY=
github.com/dave/dst v0.27.3/go.mod h1:jHh6EOibnHgcUW3WjKHisiooEkYwqpHLBSX1iOBhEyc=
github.com/dave/jennifer v1.5.0 h1:HmgPN93bVDpkQyYbqhCHj5QlgvUkvEOzMyEvKLgCRrg=
github.com/dave/jennifer v1.5.0/go.mod h1:4MnyiFIlZS3l5tSDn8VnzE6ffAhYBMB2SZntBsZGUok=
github.com/davecgh/go-spew v1.1.1 h1:vj9j/u1bqnvCEfJOwUhtlOARqs3+rkHYY13jYWTU97c=
github.com/davecgh/go-spew v1.1.1/go.mod h1:J7Y8YcW2NihsgmVo/mv3lAwl/skON4iLHjSsI+c5H38=
github.com/dlclark/regexp2 v1.11.5 h1:Q/sSnsKerHeCkc/jSTNq1oCm7KiVgUMZRDUoRu0JQZQ=
github.com/dlclark/regexp2 v1.11.5/go.mod h1:DHkYz0B9wPfa6wondMfaivmHpzrQ3v9q8cnmRbL6yW8=
github.com/gabriel-vasile/mimetype v1.4.8 h1:FfZ3gj38NjllZIeJAmMhr+qKL8Wu+nOoI3GqacKw1NM=
github.com/gabriel-vasile/mimetype v1.4.8/go.mod h1:ByKUIKGjh1ODkGM1asKUbQZOLGrPjydw3hYPU2YU9t8=
github.com/go-playground/locales v0.14.1 h1:EWaQ/wswjilfKLTECiXz7Rh+3BjFhfDFKv/oXslEjJA=
github.com/go-playground/locales v0.14.1/go.mod h1:hxrqLVvrK65+Rwrd5Fc6F2O76J/NuW9t0sjnWqG1slY=
github.com/go-playground/universal-translator v0.18.1 h1:Bcnm0ZwsGyWbCzImXv+pAJnYK9S473LQFuzCbDbfSFY=
github.com/go-playground/universal-translator v0.18.1/go.mod h1:xekY+UJKNuX9WP91TpwSH2VMlDf28Uj24BCp08ZFTUY=
github.com/go-playground/validator/v10 v10.25.0 h1:5Dh7cjvzR7BRZadnsVOzPhWsrwUr0nmsZJxEAnFLNO8=
github.com/go-playground/validator/v10 v10.25.0/go.mod h1:GGzBIJMuE98Ic/kJsBXbz1x/7cByt++cQ+YOuDM5wus=
github.com/google/uuid v1.6.0 h1:NIvaJDMOsjHA8n1jAhLSgzrAzy1Hgr+hNrb57e+94F0=
github.com/google/uuid v1.6.0/go.mod h1:TIyPZe4MgqvfeYDBFedMoGGpEw/LqOeaOT+nhxU+yHo=
github.com/inconshreveable/mousetrap v1.1.0 h1:wN+x4NVGpMsO7ErUn/mUI3vEoE6Jt13X2s0bqwp9tc8=
github.com/inconshreveable/mousetrap v1.1.0/go.mod h1:vpF70FUmC8bwa3OWnCshd2FqLfsEA9PFc4w1p2J65bw=
github.com/invopop/jsonschema v0.13.0 h1:KvpoAJWEjR3uD9Kbm2HWJmqsEaHt8lBUpd0qHcIi21E=
github.com/invopop/jsonschema v0.13.0/go.mod h1:ffZ5Km5SWWRAIN6wbDXItl95euhFz2uON45H2qjYt+0=
github.com/joho/godotenv v1.5.1 h1:7eLL/+HRGLY0ldzfGMeQkb7vMd0as4CfYvUVzLqw0N0=
github.com/joho/godotenv v1.5.1/go.mod h1:f4LDr5Voq0i2e/R5DDNOoa2zzDfwtkZa6DnEwAbqwq4=
github.com/leodido/go-urn v1.4.0 h1:WT9HwE9SGECu3lg4d/dIA+jxlljEa1/ffXKmRjqdmIQ=
github.com/leodido/go-urn v1.4.0/go.mod h1:bvxc+MVxLKB4z00jd1z+Dvzr47oO32F/QSNjSBOlFxI=
github.com/mailru/easyjson v0.9.0 h1:PrnmzHw7262yW8sTBwxi1PdJA3Iw/EKBa8psRf7d9a4=
github.com/mailru/easyjson v0.9.0/go.mod h1:1+xMtQp2MRNVL/V1bOzuP3aP8VNwRW55fQUto+XFtTU=
github.com/pkoukk/tiktoken-go v0.1.7 h1:qOBHXX4PHtvIvmOtyg1EeKlwFRiMKAcoMp4Q+bLQDmw=
github.com/pkoukk/tiktoken-go v0.1.7/go.mod h1:9NiV+i9mJKGj1rYOT+njbv+ZwA/zJxYdewGl6qVatpg=
github.com/pmezard/go-difflib v1.0.0 h1:4DBwDE0NGyQoBHbLQYPwSUPoCMWR5BEzIk/f1lZbAQM=
github.com/pmezard/go-difflib v1.0.0/go.mod h1:iKH77koFhYxTK1pcRnkKkqfTogsbg7gZNVY4sRDYZ/4=
github.com/russross/blackfriday/v2 v2.1.0/go.mod h1:+Rmxgy9KzJVeS9/2gXHxylqXiyQDYRxCVz55jmeOWTM=
github.com/sergi/go-diff v1.2.0 h1:XU+rvMAioB0UC3q1MFrIQy4Vo5/4VsRDQQXHsEya6xQ=
github.com/sergi/go-diff v1.2.0/go.mod h1:STckp+ISIX8hZLjrqAeVduY0gWCT9IjLuqbuNXdaHfM=
github.com/spf13/cobra v1.9.1 h1:CXSaggrXdbHK9CF+8ywj8Amf7PBRmPCOJugH954Nnlo=
github.com/spf13/cobra v1.9.1/go.mod h1:nDyEzZ8ogv936Cinf6g1RU9MRY64Ir93oCnqb9wxYW0=
github.com/spf13/pflag v1.0.6 h1:jFzHGLGAlb3ruxLB8MhbI6A8+AQX/2eW4qeyNZXNp2o=
github.com/spf13/pflag v1.0.6/go.mod h1:McXfInJRrz4CZXVZOBLb0bTZqETkiAhM9Iw0y3An2Bg=
github.com/stretchr/objx v0.5.2 h1:xuMeJ0Sdp5ZMRXx/aWO6RZxdr3beISkG5/G/aIRr3pY=
github.com/stretchr/objx v0.5.2/go.mod h1:FRsXN1f5AsAjCGJKqEizvkpNtU+EGNCLh3NxZ/8L+MA=
github.com/stretchr/testify v1.10.0 h1:Xv5erBjTwe/5IxqUQTdXv5kgmIvbHo3QQyRwhJsOfJA=
github.com/stretchr/testify v1.10.0/go.mod h1:r2ic/lqez/lEtzL7wO/rwa5dbSLXVDPFyf8C91i36aY=
github.com/teilomillet/gollm v0.1.9 h1:1VwknVFVF7RvSv5ajqEYLhQAUi3X3PgmgPG1ipvmBe0=
github.com/teilomillet/gollm v0.1.9/go.mod h1:RBxoPOa1DfkqCy3ll68p6AplCvuRmiDkz0DwhE9J67s=
github.com/wk8/go-ordered-map/v2 v2.1.8 h1:5h/BUHu93oj4gIdvHHHGsScSTMijfx5PeYkE/fJgbpc=
github.com/wk8/go-ordered-map/v2 v2.1.8/go.mod h1:5nJHM5DyteebpVlHnWMV0rPz6Zp7+xBAnxjb1X5vnTw=
golang.org/x/crypto v0.36.0 h1:AnAEvhDddvBdpY+uR+MyHmuZzzNqXSe/GvuDeob5L34=
golang.org/x/crypto v0.36.0/go.mod h1:Y4J0ReaxCR1IMaabaSMugxJES1EpwhBHhv2bDHklZvc=
golang.org/x/mod v0.6.0-dev.0.20220419223038-86c51ed26bb4 h1:6zppjxzCulZykYSLyVDYbneBfbaBIQPYMevg0bEwv2s=
golang.org/x/mod v0.6.0-dev.0.20220419223038-86c51ed26bb4/go.mod h1:jJ57K6gSWd91VN4djpZkiMVwK6gcyfeH4XE8wZrZaV4=
golang.org/x/mod v0.17.0/go.mod h1:hTbmBsO62+eylJbnUtE2MGJUyE7QWk4xUqPFrRgJ+7c=
golang.org/x/net v0.37.0 h1:1zLorHbz+LYj7MQlSf1+2tPIIgibq2eL5xkrGk6f+2c=
golang.org/x/net v0.37.0/go.mod h1:ivrbrMbzFq5J41QOQh0siUuly180yBYtLp+CKbEaFx8=
golang.org/x/sys v0.0.0-20220722155257-8c9f86f7a55f h1:v4INt8xihDGvnrfjMDVXGxw9wrfxYyCjk0KbXjhR55s=
golang.org/x/sys v0.0.0-20220722155257-8c9f86f7a55f/go.mod h1:oPkhp1MJrh7nUepCBck5+mAzfO9JrbApNNgaTdGDITg=
golang.org/x/sys v0.31.0 h1:ioabZlmFYtWhL+TRYpcnNlLwhyxaM9kWTDEmfnprqik=
golang.org/x/sys v0.31.0/go.mod h1:BJP2sWEmIv4KK5OTEluFJCKSidICx8ciO85XgH3Ak8k=
golang.org/x/text v0.23.0 h1:D71I7dUrlY+VX0gQShAThNGHFxZ13dGLBHQLVl1mJlY=
golang.org/x/text v0.23.0/go.mod h1:/BLNzu4aZCJ1+kcD0DNRotWKage4q2rGVAg4o22unh4=
golang.org/x/tools v0.1.12 h1:VveCTK38A2rkS8ZqFY25HIDFscX5X9OoEhJd3quQmXU=
golang.org/x/tools v0.1.12/go.mod h1:hNGJHUnrk76NpqgfD5Aqm5Crs+Hm0VOH/i9J2+nxYbc=
golang.org/x/tools v0.21.1-0.20240508182429-e35e4ccd0d2d/go.mod h1:aiJjzUbINMkxbQROHiO6hDPo2LHcIPhhQsa9DLh0yGk=
gopkg.in/check.v1 v0.0.0-20161208181325-20d25e280405/go.mod h1:Co6ibVJAznAaIkqp8huTwlJQCZ016jof/cbN4VW5Yz0=
gopkg.in/yaml.v3 v3.0.1 h1:fxVm/GzAzEWqLHuvctI91KS9hhNmmWOoWu0XTYJS7CA=
gopkg.in/yaml.v3 v3.0.1/go.mod h1:K4uyk7z7BCEPqu6E+C64Yfv1cQ7kz7rIZviUmN+EgEM=
